
Microsoft Visual Studio Solution File, Format Version 12.00
# Visual Studio Version 17
VisualStudioVersion = 17.9.34723.18
MinimumVisualStudioVersion = 10.0.40219.1
Project("{9A19103F-16F7-4668-BE54-9A1E7A4F7556}") = "TodoApi", "TodoApi.csproj", "{3A2C6C6D-EFA5-4FEA-98BD-80C5F3F753E5}"
EndProject
Project("{9A19103F-16F7-4668-BE54-9A1E7A4F7556}") = "TodoApi.Tests", "..\TodoApi.Tests\TodoApi.Tests.csproj", "{970A82F8-439F-4510-AA8D-96828DD23903}"
EndProject
Global
	GlobalSection(SolutionConfigurationPlatforms) = preSolution
		Debug|Any CPU = Debug|Any CPU
		Release|Any CPU = Release|Any CPU
	EndGlobalSection
	GlobalSection(ProjectConfigurationPlatforms) = postSolution
		{3A2C6C6D-EFA5-4FEA-98BD-80C5F3F753E5}.Debug|Any CPU.ActiveCfg = Debug|Any CPU
		{3A2C6C6D-EFA5-4FEA-98BD-80C5F3F753E5}.Debug|Any CPU.Build.0 = Debug|Any CPU
		{3A2C6C6D-EFA5-4FEA-98BD-80C5F3F753E5}.Release|Any CPU.ActiveCfg = Release|Any CPU
		{3A2C6C6D-EFA5-4FEA-98BD-80C5F3F753E5}.Release|Any CPU.Build.0 = Release|Any CPU
		{970A82F8-439F-4510-AA8D-96828DD23903}.Debug|Any CPU.ActiveCfg = Debug|Any CPU
		{970A82F8-439F-4510-AA8D-96828DD23903}.Debug|Any CPU.Build.0 = Debug|Any CPU
		{970A82F8-439F-4510-AA8D-96828DD23903}.Release|Any CPU.ActiveCfg = Release|Any CPU
		{970A82F8-439F-4510-AA8D-96828DD23903}.Release|Any CPU.Build.0 = Release|Any CPU
	EndGlobalSection
	GlobalSection(SolutionProperties) = preSolution
		HideSolutionNode = FALSE
	EndGlobalSection
	GlobalSection(ExtensibilityGlobals) = postSolution
		SolutionGuid = {9E122DDB-2D9B-4AE6-BA39-8C73709A28F7}
	EndGlobalSection
EndGlobal
